Microsoft Visual Studio Solution File, Format Version 12.00
# Visual Studio 14
Project("{8BC9CEB8-8B4A-11D0-8D11-00A0C91BC942}") = "ALL_BUILD", "ALL_BUILD.vcxproj", "{9A66B674-E51C-3A9D-887C-B23F95BFCA25}"
	ProjectSection(ProjectDependencies) = postProject
		{1221FF5B-252B-3856-BD1B-31E9C337AEEF} = {1221FF5B-252B-3856-BD1B-31E9C337AEEF}
		{B5FACF92-362B-33F9-996C-1B34773CDCA1} = {B5FACF92-362B-33F9-996C-1B34773CDCA1}
		{C20104B0-3E31-31F3-A896-7FAC2FECDBF2} = {C20104B0-3E31-31F3-A896-7FAC2FECDBF2}
		{E30BC876-4136-323E-B174-218CAE787741} = {E30BC876-4136-323E-B174-218CAE787741}
		{1738FCE6-5048-3011-875C-18BEE67E66D5} = {1738FCE6-5048-3011-875C-18BEE67E66D5}
	EndProjectSection
EndProject
Project("{8BC9CEB8-8B4A-11D0-8D11-00A0C91BC942}") = "INSTALL", "INSTALL.vcxproj", "{56CF868C-74EF-36EE-9587-9939F1F08D77}"
	ProjectSection(ProjectDependencies) = postProject
		{9A66B674-E51C-3A9D-887C-B23F95BFCA25} = {9A66B674-E51C-3A9D-887C-B23F95BFCA25}
		{1221FF5B-252B-3856-BD1B-31E9C337AEEF} = {1221FF5B-252B-3856-BD1B-31E9C337AEEF}
	EndProjectSection
EndProject
Project("{8BC9CEB8-8B4A-11D0-8D11-00A0C91BC942}") = "RUN_TESTS", "RUN_TESTS.vcxproj", "{7EA7D06A-73A6-32B8-B8E5-BDCC1609C10E}"
	ProjectSection(ProjectDependencies) = postProject
		{1221FF5B-252B-3856-BD1B-31E9C337AEEF} = {1221FF5B-252B-3856-BD1B-31E9C337AEEF}
	EndProjectSection
EndProject
Project("{8BC9CEB8-8B4A-11D0-8D11-00A0C91BC942}") = "ZERO_CHECK", "ZERO_CHECK.vcxproj", "{1221FF5B-252B-3856-BD1B-31E9C337AEEF}"
	ProjectSection(ProjectDependencies) = postProject
	EndProjectSection
EndProject
Project("{8BC9CEB8-8B4A-11D0-8D11-00A0C91BC942}") = "example", "example.vcxproj", "{B5FACF92-362B-33F9-996C-1B34773CDCA1}"
	ProjectSection(ProjectDependencies) = postProject
		{1221FF5B-252B-3856-BD1B-31E9C337AEEF} = {1221FF5B-252B-3856-BD1B-31E9C337AEEF}
		{E30BC876-4136-323E-B174-218CAE787741} = {E30BC876-4136-323E-B174-218CAE787741}
	EndProjectSection
EndProject
Project("{8BC9CEB8-8B4A-11D0-8D11-00A0C91BC942}") = "minigzip", "minigzip.vcxproj", "{C20104B0-3E31-31F3-A896-7FAC2FECDBF2}"
	ProjectSection(ProjectDependencies) = postProject
		{1221FF5B-252B-3856-BD1B-31E9C337AEEF} = {1221FF5B-252B-3856-BD1B-31E9C337AEEF}
		{E30BC876-4136-323E-B174-218CAE787741} = {E30BC876-4136-323E-B174-218CAE787741}
	EndProjectSection
EndProject
Project("{8BC9CEB8-8B4A-11D0-8D11-00A0C91BC942}") = "zlib", "zlib.vcxproj", "{E30BC876-4136-323E-B174-218CAE787741}"
	ProjectSection(ProjectDependencies) = postProject
		{1221FF5B-252B-3856-BD1B-31E9C337AEEF} = {1221FF5B-252B-3856-BD1B-31E9C337AEEF}
	EndProjectSection
EndProject
Project("{8BC9CEB8-8B4A-11D0-8D11-00A0C91BC942}") = "zlibstatic", "zlibstatic.vcxproj", "{1738FCE6-5048-3011-875C-18BEE67E66D5}"
	ProjectSection(ProjectDependencies) = postProject
		{1221FF5B-252B-3856-BD1B-31E9C337AEEF} = {1221FF5B-252B-3856-BD1B-31E9C337AEEF}
	EndProjectSection
EndProject
Global
	GlobalSection(SolutionConfigurationPlatforms) = preSolution
		Debug|x64 = Debug|x64
		Release|x64 = Release|x64
		MinSizeRel|x64 = MinSizeRel|x64
		RelWithDebInfo|x64 = RelWithDebInfo|x64
	EndGlobalSection
	GlobalSection(ProjectConfigurationPlatforms) = postSolution
		{9A66B674-E51C-3A9D-887C-B23F95BFCA25}.Debug|x64.ActiveCfg = Debug|x64
		{9A66B674-E51C-3A9D-887C-B23F95BFCA25}.Debug|x64.Build.0 = Debug|x64
		{9A66B674-E51C-3A9D-887C-B23F95BFCA25}.Release|x64.ActiveCfg = Release|x64
		{9A66B674-E51C-3A9D-887C-B23F95BFCA25}.Release|x64.Build.0 = Release|x64
		{9A66B674-E51C-3A9D-887C-B23F95BFCA25}.MinSizeRel|x64.ActiveCfg = MinSizeRel|x64
		{9A66B674-E51C-3A9D-887C-B23F95BFCA25}.MinSizeRel|x64.Build.0 = MinSizeRel|x64
		{9A66B674-E51C-3A9D-887C-B23F95BFCA25}.RelWithDebInfo|x64.ActiveCfg = RelWithDebInfo|x64
		{9A66B674-E51C-3A9D-887C-B23F95BFCA25}.RelWithDebInfo|x64.Build.0 = RelWithDebInfo|x64
		{56CF868C-74EF-36EE-9587-9939F1F08D77}.Debug|x64.ActiveCfg = Debug|x64
		{56CF868C-74EF-36EE-9587-9939F1F08D77}.Release|x64.ActiveCfg = Release|x64
		{56CF868C-74EF-36EE-9587-9939F1F08D77}.MinSizeRel|x64.ActiveCfg = MinSizeRel|x64
		{56CF868C-74EF-36EE-9587-9939F1F08D77}.RelWithDebInfo|x64.ActiveCfg = RelWithDebInfo|x64
		{7EA7D06A-73A6-32B8-B8E5-BDCC1609C10E}.Debug|x64.ActiveCfg = Debug|x64
		{7EA7D06A-73A6-32B8-B8E5-BDCC1609C10E}.Release|x64.ActiveCfg = Release|x64
		{7EA7D06A-73A6-32B8-B8E5-BDCC1609C10E}.MinSizeRel|x64.ActiveCfg = MinSizeRel|x64
		{7EA7D06A-73A6-32B8-B8E5-BDCC1609C10E}.RelWithDebInfo|x64.ActiveCfg = RelWithDebInfo|x64
		{1221FF5B-252B-3856-BD1B-31E9C337AEEF}.Debug|x64.ActiveCfg = Debug|x64
		{1221FF5B-252B-3856-BD1B-31E9C337AEEF}.Debug|x64.Build.0 = Debug|x64
		{1221FF5B-252B-3856-BD1B-31E9C337AEEF}.Release|x64.ActiveCfg = Release|x64
		{1221FF5B-252B-3856-BD1B-31E9C337AEEF}.Release|x64.Build.0 = Release|x64
		{1221FF5B-252B-3856-BD1B-31E9C337AEEF}.MinSizeRel|x64.ActiveCfg = MinSizeRel|x64
		{1221FF5B-252B-3856-BD1B-31E9C337AEEF}.MinSizeRel|x64.Build.0 = MinSizeRel|x64
		{1221FF5B-252B-3856-BD1B-31E9C337AEEF}.RelWithDebInfo|x64.ActiveCfg = RelWithDebInfo|x64
		{1221FF5B-252B-3856-BD1B-31E9C337AEEF}.RelWithDebInfo|x64.Build.0 = RelWithDebInfo|x64
		{B5FACF92-362B-33F9-996C-1B34773CDCA1}.Debug|x64.ActiveCfg = Debug|x64
		{B5FACF92-362B-33F9-996C-1B34773CDCA1}.Debug|x64.Build.0 = Debug|x64
		{B5FACF92-362B-33F9-996C-1B34773CDCA1}.Release|x64.ActiveCfg = Release|x64
		{B5FACF92-362B-33F9-996C-1B34773CDCA1}.Release|x64.Build.0 = Release|x64
		{B5FACF92-362B-33F9-996C-1B34773CDCA1}.MinSizeRel|x64.ActiveCfg = MinSizeRel|x64
		{B5FACF92-362B-33F9-996C-1B34773CDCA1}.MinSizeRel|x64.Build.0 = MinSizeRel|x64
		{B5FACF92-362B-33F9-996C-1B34773CDCA1}.RelWithDebInfo|x64.ActiveCfg = RelWithDebInfo|x64
		{B5FACF92-362B-33F9-996C-1B34773CDCA1}.RelWithDebInfo|x64.Build.0 = RelWithDebInfo|x64
		{C20104B0-3E31-31F3-A896-7FAC2FECDBF2}.Debug|x64.ActiveCfg = Debug|x64
		{C20104B0-3E31-31F3-A896-7FAC2FECDBF2}.Debug|x64.Build.0 = Debug|x64
		{C20104B0-3E31-31F3-A896-7FAC2FECDBF2}.Release|x64.ActiveCfg = Release|x64
		{C20104B0-3E31-31F3-A896-7FAC2FECDBF2}.Release|x64.Build.0 = Release|x64
		{C20104B0-3E31-31F3-A896-7FAC2FECDBF2}.MinSizeRel|x64.ActiveCfg = MinSizeRel|x64
		{C20104B0-3E31-31F3-A896-7FAC2FECDBF2}.MinSizeRel|x64.Build.0 = MinSizeRel|x64
		{C20104B0-3E31-31F3-A896-7FAC2FECDBF2}.RelWithDebInfo|x64.ActiveCfg = RelWithDebInfo|x64
		{C20104B0-3E31-31F3-A896-7FAC2FECDBF2}.RelWithDebInfo|x64.Build.0 = RelWithDebInfo|x64
		{E30BC876-4136-323E-B174-218CAE787741}.Debug|x64.ActiveCfg = Debug|x64
		{E30BC876-4136-323E-B174-218CAE787741}.Debug|x64.Build.0 = Debug|x64
		{E30BC876-4136-323E-B174-218CAE787741}.Release|x64.ActiveCfg = Release|x64
		{E30BC876-4136-323E-B174-218CAE787741}.Release|x64.Build.0 = Release|x64
		{E30BC876-4136-323E-B174-218CAE787741}.MinSizeRel|x64.ActiveCfg = MinSizeRel|x64
		{E30BC876-4136-323E-B174-218CAE787741}.MinSizeRel|x64.Build.0 = MinSizeRel|x64
		{E30BC876-4136-323E-B174-218CAE787741}.RelWithDebInfo|x64.ActiveCfg = RelWithDebInfo|x64
		{E30BC876-4136-323E-B174-218CAE787741}.RelWithDebInfo|x64.Build.0 = RelWithDebInfo|x64
		{1738FCE6-5048-3011-875C-18BEE67E66D5}.Debug|x64.ActiveCfg = Debug|x64
		{1738FCE6-5048-3011-875C-18BEE67E66D5}.Debug|x64.Build.0 = Debug|x64
		{1738FCE6-5048-3011-875C-18BEE67E66D5}.Release|x64.ActiveCfg = Release|x64
		{1738FCE6-5048-3011-875C-18BEE67E66D5}.Release|x64.Build.0 = Release|x64
		{1738FCE6-5048-3011-875C-18BEE67E66D5}.MinSizeRel|x64.ActiveCfg = MinSizeRel|x64
		{1738FCE6-5048-3011-875C-18BEE67E66D5}.MinSizeRel|x64.Build.0 = MinSizeRel|x64
		{1738FCE6-5048-3011-875C-18BEE67E66D5}.RelWithDebInfo|x64.ActiveCfg = RelWithDebInfo|x64
		{1738FCE6-5048-3011-875C-18BEE67E66D5}.RelWithDebInfo|x64.Build.0 = RelWithDebInfo|x64
	EndGlobalSection
	GlobalSection(ExtensibilityGlobals) = postSolution
	EndGlobalSection
	GlobalSection(ExtensibilityAddIns) = postSolution
	EndGlobalSection
EndGlobal
